
Microsoft Visual Studio Solution File, Format Version 12.00
# Visual Studio Version 16
VisualStudioVersion = 16.0.34407.143
MinimumVisualStudioVersion = 10.0.40219.1
Project("{9A19103F-16F7-4668-BE54-9A1E7A4F7556}") = "MyTaskForSoftline.Services", "MyTaskForSoftline.Services\MyTaskForSoftline.Services.csproj", "{ED708B0D-D954-4598-94F8-E16DF9D00EC6}"
EndProject
Project("{9A19103F-16F7-4668-BE54-9A1E7A4F7556}") = "MyTaskForSoftline.DAL", "MyTaskForSoftline.DAL\MyTaskForSoftline.DAL.csproj", "{74D014B8-15DC-4FF7-95C4-B2D5C346EB20}"
EndProject
Project("{9A19103F-16F7-4668-BE54-9A1E7A4F7556}") = "MyTaskForSoftline.Web", "MyTaskForSoftline.Web\MyTaskForSoftline.Web.csproj", "{BDA91AEA-1F1D-4508-90B8-962E8ACC30C6}"
EndProject
Project("{9A19103F-16F7-4668-BE54-9A1E7A4F7556}") = "MyTaskForSoftline.Repositories", "MyTaskForSoftline.Repositories\MyTaskForSoftline.Repositories.csproj", "{A34357A0-7C27-46BA-80F5-F2D59E8E49A2}"
EndProject
Global
	GlobalSection(SolutionConfigurationPlatforms) = preSolution
		Debug|Any CPU = Debug|Any CPU
		Release|Any CPU = Release|Any CPU
	EndGlobalSection
	GlobalSection(ProjectConfigurationPlatforms) = postSolution
		{ED708B0D-D954-4598-94F8-E16DF9D00EC6}.Debug|Any CPU.ActiveCfg = Debug|Any CPU
		{ED708B0D-D954-4598-94F8-E16DF9D00EC6}.Debug|Any CPU.Build.0 = Debug|Any CPU
		{ED708B0D-D954-4598-94F8-E16DF9D00EC6}.Release|Any CPU.ActiveCfg = Release|Any CPU
		{ED708B0D-D954-4598-94F8-E16DF9D00EC6}.Release|Any CPU.Build.0 = Release|Any CPU
		{74D014B8-15DC-4FF7-95C4-B2D5C346EB20}.Debug|Any CPU.ActiveCfg = Debug|Any CPU
		{74D014B8-15DC-4FF7-95C4-B2D5C346EB20}.Debug|Any CPU.Build.0 = Debug|Any CPU
		{74D014B8-15DC-4FF7-95C4-B2D5C346EB20}.Release|Any CPU.ActiveCfg = Release|Any CPU
		{74D014B8-15DC-4FF7-95C4-B2D5C346EB20}.Release|Any CPU.Build.0 = Release|Any CPU
		{BDA91AEA-1F1D-4508-90B8-962E8ACC30C6}.Debug|Any CPU.ActiveCfg = Debug|Any CPU
		{BDA91AEA-1F1D-4508-90B8-962E8ACC30C6}.Debug|Any CPU.Build.0 = Debug|Any CPU
		{BDA91AEA-1F1D-4508-90B8-962E8ACC30C6}.Release|Any CPU.ActiveCfg = Release|Any CPU
		{BDA91AEA-1F1D-4508-90B8-962E8ACC30C6}.Release|Any CPU.Build.0 = Release|Any CPU
		{A34357A0-7C27-46BA-80F5-F2D59E8E49A2}.Debug|Any CPU.ActiveCfg = Debug|Any CPU
		{A34357A0-7C27-46BA-80F5-F2D59E8E49A2}.Debug|Any CPU.Build.0 = Debug|Any CPU
		{A34357A0-7C27-46BA-80F5-F2D59E8E49A2}.Release|Any CPU.ActiveCfg = Release|Any CPU
		{A34357A0-7C27-46BA-80F5-F2D59E8E49A2}.Release|Any CPU.Build.0 = Release|Any CPU
	EndGlobalSection
	GlobalSection(SolutionProperties) = preSolution
		HideSolutionNode = FALSE
	EndGlobalSection
	GlobalSection(ExtensibilityGlobals) = postSolution
		SolutionGuid = {E19E5AB9-DBD6-4DED-991F-DE76FA370761}
	EndGlobalSection
EndGlobal
